// !$*UTF8*$!
{
	archiveVersion = 1;
	classes = {
	};
	objectVersion = 51;
	objects = {

/* Begin PBXBuildFile section */
		618C22F126F1BFDE001D9885 /* AppDelegate.swift in Sources */ = {isa = PBXBuildFile; fileRef = 618C22F026F1BFDE001D9885 /* AppDelegate.swift */; };
		618C22F326F1BFDE001D9885 /* SceneDelegate.swift in Sources */ = {isa = PBXBuildFile; fileRef = 618C22F226F1BFDE001D9885 /* SceneDelegate.swift */; };
		618C22F526F1BFDE001D9885 /* SearchImageViewController.swift in Sources */ = {isa = PBXBuildFile; fileRef = 618C22F426F1BFDE001D9885 /* SearchImageViewController.swift */; };
		618C22F826F1BFDE001D9885 /* Main.storyboard in Resources */ = {isa = PBXBuildFile; fileRef = 618C22F626F1BFDE001D9885 /* Main.storyboard */; };
		618C22FA26F1BFDF001D9885 /* Assets.xcassets in Resources */ = {isa = PBXBuildFile; fileRef = 618C22F926F1BFDF001D9885 /* Assets.xcassets */; };
		618C22FD26F1BFDF001D9885 /* LaunchScreen.storyboard in Resources */ = {isa = PBXBuildFile; fileRef = 618C22FB26F1BFDF001D9885 /* LaunchScreen.storyboard */; };
		618C230926F1ECBD001D9885 /* .swiftlint.yml in Resources */ = {isa = PBXBuildFile; fileRef = 618C230826F1ECBD001D9885 /* .swiftlint.yml */; };
		618C230B26F20F40001D9885 /* SearchImagePresenter.swift in Sources */ = {isa = PBXBuildFile; fileRef = 618C230A26F20F40001D9885 /* SearchImagePresenter.swift */; };
		618C230D26F210CF001D9885 /* ResultCollectionViewCell.swift in Sources */ = {isa = PBXBuildFile; fileRef = 618C230C26F210CF001D9885 /* ResultCollectionViewCell.swift */; };
		618C231026F21C27001D9885 /* SearchImageAPI.swift in Sources */ = {isa = PBXBuildFile; fileRef = 618C230F26F21C27001D9885 /* SearchImageAPI.swift */; };
		618C231226F21D14001D9885 /* APIResponse.swift in Sources */ = {isa = PBXBuildFile; fileRef = 618C231126F21D14001D9885 /* APIResponse.swift */; };
		618C231426F21D29001D9885 /* Documents.swift in Sources */ = {isa = PBXBuildFile; fileRef = 618C231326F21D29001D9885 /* Documents.swift */; };
		618C231626F6250B001D9885 /* ImageDetailViewController.swift in Sources */ = {isa = PBXBuildFile; fileRef = 618C231526F6250B001D9885 /* ImageDetailViewController.swift */; };
		618C231826F6251E001D9885 /* ImageDetailPresenter.swift in Sources */ = {isa = PBXBuildFile; fileRef = 618C231726F6251E001D9885 /* ImageDetailPresenter.swift */; };
		B14ED33000E484D6488999A9 /* Pods_ImageFinder.framework in Frameworks */ = {isa = PBXBuildFile; fileRef = 9FAE11991270C331A59607F5 /* Pods_ImageFinder.framework */; };
/* End PBXBuildFile section */

/* Begin PBXFileReference section */
		0A0868A4088DC6B87A337AB7 /* Pods-ImageFinder.release.xcconfig */ = {isa = PBXFileReference; includeInIndex = 1; lastKnownFileType = text.xcconfig; name = "Pods-ImageFinder.release.xcconfig"; path = "Target Support Files/Pods-ImageFinder/Pods-ImageFinder.release.xcconfig"; sourceTree = "<group>"; };
		618C22ED26F1BFDE001D9885 /* ImageFinder.app */ = {isa = PBXFileReference; explicitFileType = wrapper.application; includeInIndex = 0; path = ImageFinder.app; sourceTree = BUILT_PRODUCTS_DIR; };
		618C22F026F1BFDE001D9885 /* AppDelegate.swift */ = {isa = PBXFileReference; lastKnownFileType = sourcecode.swift; path = AppDelegate.swift; sourceTree = "<group>"; };
		618C22F226F1BFDE001D9885 /* SceneDelegate.swift */ = {isa = PBXFileReference; lastKnownFileType = sourcecode.swift; path = SceneDelegate.swift; sourceTree = "<group>"; };
		618C22F426F1BFDE001D9885 /* SearchImageViewController.swift */ = {isa = PBXFileReference; lastKnownFileType = sourcecode.swift; path = SearchImageViewController.swift; sourceTree = "<group>"; };
		618C22F726F1BFDE001D9885 /* Base */ = {isa = PBXFileReference; lastKnownFileType = file.storyboard; name = Base; path = Base.lproj/Main.storyboard; sourceTree = "<group>"; };
		618C22F926F1BFDF001D9885 /* Assets.xcassets */ = {isa = PBXFileReference; lastKnownFileType = folder.assetcatalog; path = Assets.xcassets; sourceTree = "<group>"; };
		618C22FC26F1BFDF001D9885 /* Base */ = {isa = PBXFileReference; lastKnownFileType = file.storyboard; name = Base; path = Base.lproj/LaunchScreen.storyboard; sourceTree = "<group>"; };
		618C22FE26F1BFDF001D9885 /* Info.plist */ = {isa = PBXFileReference; lastKnownFileType = text.plist.xml; path = Info.plist; sourceTree = "<group>"; };
		618C230826F1ECBD001D9885 /* .swiftlint.yml */ = {isa = PBXFileReference; lastKnownFileType = text.yaml; path = .swiftlint.yml; sourceTree = "<group>"; };
		618C230A26F20F40001D9885 /* SearchImagePresenter.swift */ = {isa = PBXFileReference; lastKnownFileType = sourcecode.swift; path = SearchImagePresenter.swift; sourceTree = "<group>"; };
		618C230C26F210CF001D9885 /* ResultCollectionViewCell.swift */ = {isa = PBXFileReference; lastKnownFileType = sourcecode.swift; path = ResultCollectionViewCell.swift; sourceTree = "<group>"; };
		618C230F26F21C27001D9885 /* SearchImageAPI.swift */ = {isa = PBXFileReference; lastKnownFileType = sourcecode.swift; path = SearchImageAPI.swift; sourceTree = "<group>"; };
		618C231126F21D14001D9885 /* APIResponse.swift */ = {isa = PBXFileReference; lastKnownFileType = sourcecode.swift; path = APIResponse.swift; sourceTree = "<group>"; };
		618C231326F21D29001D9885 /* Documents.swift */ = {isa = PBXFileReference; lastKnownFileType = sourcecode.swift; path = Documents.swift; sourceTree = "<group>"; };
		618C231526F6250B001D9885 /* ImageDetailViewController.swift */ = {isa = PBXFileReference; lastKnownFileType = sourcecode.swift; path = ImageDetailViewController.swift; sourceTree = "<group>"; };
		618C231726F6251E001D9885 /* ImageDetailPresenter.swift */ = {isa = PBXFileReference; lastKnownFileType = sourcecode.swift; path = ImageDetailPresenter.swift; sourceTree = "<group>"; };
		9FAE11991270C331A59607F5 /* Pods_ImageFinder.framework */ = {isa = PBXFileReference; explicitFileType = wrapper.framework; includeInIndex = 0; path = Pods_ImageFinder.framework; sourceTree = BUILT_PRODUCTS_DIR; };
		ACF0AF453C324B0EF7535F83 /* Pods-ImageFinder.debug.xcconfig */ = {isa = PBXFileReference; includeInIndex = 1; lastKnownFileType = text.xcconfig; name = "Pods-ImageFinder.debug.xcconfig"; path = "Target Support Files/Pods-ImageFinder/Pods-ImageFinder.debug.xcconfig"; sourceTree = "<group>"; };
/* End PBXFileReference section */

/* Begin PBXFrameworksBuildPhase section */
		618C22EA26F1BFDE001D9885 /* Frameworks */ = {
			isa = PBXFrameworksBuildPhase;
			buildActionMask = 2147483647;
			files = (
				B14ED33000E484D6488999A9 /* Pods_ImageFinder.framework in Frameworks */,
			);
			runOnlyForDeploymentPostprocessing = 0;
		};
/* End PBXFrameworksBuildPhase section */

/* Begin PBXGroup section */
		618C22E426F1BFDE001D9885 = {
			isa = PBXGroup;
			children = (
				618C230826F1ECBD001D9885 /* .swiftlint.yml */,
				618C22EF26F1BFDE001D9885 /* ImageFinder */,
				618C22EE26F1BFDE001D9885 /* Products */,
				B7B0EF15787AF4426BFD49BD /* Pods */,
				CDB3946CC898B9A7BB92414E /* Frameworks */,
			);
			sourceTree = "<group>";
		};
		618C22EE26F1BFDE001D9885 /* Products */ = {
			isa = PBXGroup;
			children = (
				618C22ED26F1BFDE001D9885 /* ImageFinder.app */,
			);
			name = Products;
			sourceTree = "<group>";
		};
		618C22EF26F1BFDE001D9885 /* ImageFinder */ = {
			isa = PBXGroup;
			children = (
				618C230626F1C0C7001D9885 /* Entity */,
				618C230E26F21BFC001D9885 /* Network */,
				618C230526F1C09D001D9885 /* Presenter */,
				618C230426F1C091001D9885 /* View */,
				618C22F026F1BFDE001D9885 /* AppDelegate.swift */,
				618C22F226F1BFDE001D9885 /* SceneDelegate.swift */,
				618C22F626F1BFDE001D9885 /* Main.storyboard */,
				618C22F926F1BFDF001D9885 /* Assets.xcassets */,
				618C22FB26F1BFDF001D9885 /* LaunchScreen.storyboard */,
				618C22FE26F1BFDF001D9885 /* Info.plist */,
			);
			path = ImageFinder;
			sourceTree = "<group>";
		};
		618C230426F1C091001D9885 /* View */ = {
			isa = PBXGroup;
			children = (
				618C22F426F1BFDE001D9885 /* SearchImageViewController.swift */,
				618C230C26F210CF001D9885 /* ResultCollectionViewCell.swift */,
				618C231526F6250B001D9885 /* ImageDetailViewController.swift */,
			);
			path = View;
			sourceTree = "<group>";
		};
		618C230526F1C09D001D9885 /* Presenter */ = {
			isa = PBXGroup;
			children = (
				618C230A26F20F40001D9885 /* SearchImagePresenter.swift */,
				618C231726F6251E001D9885 /* ImageDetailPresenter.swift */,
			);
			path = Presenter;
			sourceTree = "<group>";
		};
		618C230626F1C0C7001D9885 /* Entity */ = {
			isa = PBXGroup;
			children = (
				618C231126F21D14001D9885 /* APIResponse.swift */,
				618C231326F21D29001D9885 /* Documents.swift */,
			);
			path = Entity;
			sourceTree = "<group>";
		};
		618C230E26F21BFC001D9885 /* Network */ = {
			isa = PBXGroup;
			children = (
				618C230F26F21C27001D9885 /* SearchImageAPI.swift */,
			);
			path = Network;
			sourceTree = "<group>";
		};
		B7B0EF15787AF4426BFD49BD /* Pods */ = {
			isa = PBXGroup;
			children = (
				ACF0AF453C324B0EF7535F83 /* Pods-ImageFinder.debug.xcconfig */,
				0A0868A4088DC6B87A337AB7 /* Pods-ImageFinder.release.xcconfig */,
			);
			path = Pods;
			sourceTree = "<group>";
		};
		CDB3946CC898B9A7BB92414E /* Frameworks */ = {
			isa = PBXGroup;
			children = (
				9FAE11991270C331A59607F5 /* Pods_ImageFinder.framework */,
			);
			name = Frameworks;
			sourceTree = "<group>";
		};
/* End PBXGroup section */

/* Begin PBXNativeTarget section */
		618C22EC26F1BFDE001D9885 /* ImageFinder */ = {
			isa = PBXNativeTarget;
			buildConfigurationList = 618C230126F1BFDF001D9885 /* Build configuration list for PBXNativeTarget "ImageFinder" */;
			buildPhases = (
				F577815132373431CF1B0E69 /* [CP] Check Pods Manifest.lock */,
				618C22E926F1BFDE001D9885 /* Sources */,
				618C22EA26F1BFDE001D9885 /* Frameworks */,
				618C22EB26F1BFDE001D9885 /* Resources */,
				7B9C5935ED5B41BCC3D59A11 /* [CP] Embed Pods Frameworks */,
				618C230726F1EA7B001D9885 /* ShellScript */,
			);
			buildRules = (
			);
			dependencies = (
			);
			name = ImageFinder;
			productName = ImageFinder;
			productReference = 618C22ED26F1BFDE001D9885 /* ImageFinder.app */;
			productType = "com.apple.product-type.application";
		};
/* End PBXNativeTarget section */

/* Begin PBXProject section */
		618C22E526F1BFDE001D9885 /* Project object */ = {
			isa = PBXProject;
			attributes = {
				LastSwiftUpdateCheck = 1250;
				LastUpgradeCheck = 1250;
				TargetAttributes = {
					618C22EC26F1BFDE001D9885 = {
						CreatedOnToolsVersion = 12.5.1;
					};
				};
			};
			buildConfigurationList = 618C22E826F1BFDE001D9885 /* Build configuration list for PBXProject "ImageFinder" */;
			compatibilityVersion = "Xcode 9.3";
			developmentRegion = en;
			hasScannedForEncodings = 0;
			knownRegions = (
				en,
				Base,
			);
			mainGroup = 618C22E426F1BFDE001D9885;
			productRefGroup = 618C22EE26F1BFDE001D9885 /* Products */;
			projectDirPath = "";
			projectRoot = "";
			targets = (
				618C22EC26F1BFDE001D9885 /* ImageFinder */,
			);
		};
/* End PBXProject section */

/* Begin PBXResourcesBuildPhase section */
		618C22EB26F1BFDE001D9885 /* Resources */ = {
			isa = PBXResourcesBuildPhase;
			buildActionMask = 2147483647;
			files = (
				618C230926F1ECBD001D9885 /* .swiftlint.yml in Resources */,
				618C22FD26F1BFDF001D9885 /* LaunchScreen.storyboard in Resources */,
				618C22FA26F1BFDF001D9885 /* Assets.xcassets in Resources */,
				618C22F826F1BFDE001D9885 /* Main.storyboard in Resources */,
			);
			runOnlyForDeploymentPostprocessing = 0;
		};
/* End PBXResourcesBuildPhase section */

/* Begin PBXShellScriptBuildPhase section */
		618C230726F1EA7B001D9885 /* ShellScript */ = {
			isa = PBXShellScriptBuildPhase;
			buildActionMask = 2147483647;
			files = (
			);
			inputFileListPaths = (
			);
			inputPaths = (
			);
			outputFileListPaths = (
			);
			outputPaths = (
			);
			runOnlyForDeploymentPostprocessing = 0;
			shellPath = /bin/sh;
			shellScript = "\"${PODS_ROOT}/SwiftLint/swiftlint\"\n";
		};
		7B9C5935ED5B41BCC3D59A11 /* [CP] Embed Pods Frameworks */ = {
			isa = PBXShellScriptBuildPhase;
			buildActionMask = 2147483647;
			files = (
			);
			inputFileListPaths = (
				"${PODS_ROOT}/Target Support Files/Pods-ImageFinder/Pods-ImageFinder-frameworks-${CONFIGURATION}-input-files.xcfilelist",
			);
			name = "[CP] Embed Pods Frameworks";
			outputFileListPaths = (
				"${PODS_ROOT}/Target Support Files/Pods-ImageFinder/Pods-ImageFinder-frameworks-${CONFIGURATION}-output-files.xcfilelist",
			);
			runOnlyForDeploymentPostprocessing = 0;
			shellPath = /bin/sh;
			shellScript = "\"${PODS_ROOT}/Target Support Files/Pods-ImageFinder/Pods-ImageFinder-frameworks.sh\"\n";
			showEnvVarsInLog = 0;
		};
		F577815132373431CF1B0E69 /* [CP] Check Pods Manifest.lock */ = {
			isa = PBXShellScriptBuildPhase;
			buildActionMask = 2147483647;
			files = (
			);
			inputFileListPaths = (
			);
			inputPaths = (
				"${PODS_PODFILE_DIR_PATH}/Podfile.lock",
				"${PODS_ROOT}/Manifest.lock",
			);
			name = "[CP] Check Pods Manifest.lock";
			outputFileListPaths = (
			);
			outputPaths = (
				"$(DERIVED_FILE_DIR)/Pods-ImageFinder-checkManifestLockResult.txt",
			);
			runOnlyForDeploymentPostprocessing = 0;
			shellPath = /bin/sh;
			shellScript = "diff \"${PODS_PODFILE_DIR_PATH}/Podfile.lock\" \"${PODS_ROOT}/Manifest.lock\" > /dev/null\nif [ $? != 0 ] ; then\n    # print error to STDERR\n    echo \"error: The sandbox is not in sync with the Podfile.lock. Run 'pod install' or update your CocoaPods installation.\" >&2\n    exit 1\nfi\n# This output is used by Xcode 'outputs' to avoid re-running this script phase.\necho \"SUCCESS\" > \"${SCRIPT_OUTPUT_FILE_0}\"\n";
			showEnvVarsInLog = 0;
		};
/* End PBXShellScriptBuildPhase section */

/* Begin PBXSourcesBuildPhase section */
		618C22E926F1BFDE001D9885 /* Sources */ = {
			isa = PBXSourcesBuildPhase;
			buildActionMask = 2147483647;
			files = (
				618C231226F21D14001D9885 /* APIResponse.swift in Sources */,
				618C22F526F1BFDE001D9885 /* SearchImageViewController.swift in Sources */,
				618C22F126F1BFDE001D9885 /* AppDelegate.swift in Sources */,
				618C231026F21C27001D9885 /* SearchImageAPI.swift in Sources */,
				618C231826F6251E001D9885 /* ImageDetailPresenter.swift in Sources */,
				618C231426F21D29001D9885 /* Documents.swift in Sources */,
				618C230B26F20F40001D9885 /* SearchImagePresenter.swift in Sources */,
				618C22F326F1BFDE001D9885 /* SceneDelegate.swift in Sources */,
				618C231626F6250B001D9885 /* ImageDetailViewController.swift in Sources */,
				618C230D26F210CF001D9885 /* ResultCollectionViewCell.swift in Sources */,
			);
			runOnlyForDeploymentPostprocessing = 0;
		};
/* End PBXSourcesBuildPhase section */

/* Begin PBXVariantGroup section */
		618C22F626F1BFDE001D9885 /* Main.storyboard */ = {
			isa = PBXVariantGroup;
			children = (
				618C22F726F1BFDE001D9885 /* Base */,
			);
			name = Main.storyboard;
			sourceTree = "<group>";
		};
		618C22FB26F1BFDF001D9885 /* LaunchScreen.storyboard */ = {
			isa = PBXVariantGroup;
			children = (
				618C22FC26F1BFDF001D9885 /* Base */,
			);
			name = LaunchScreen.storyboard;
			sourceTree = "<group>";
		};
/* End PBXVariantGroup section */

/* Begin XCBuildConfiguration section */
		618C22FF26F1BFDF001D9885 /* Debug */ = {
			isa = XCBuildConfiguration;
			buildSettings = {
				ALWAYS_SEARCH_USER_PATHS = NO;
				CLANG_ANALYZER_NONNULL = YES;
				CLANG_ANALYZER_NUMBER_OBJECT_CONVERSION = YES_AGGRESSIVE;
				CLANG_CXX_LANGUAGE_STANDARD = "gnu++14";
				CLANG_CXX_LIBRARY = "libc++";
				CLANG_ENABLE_MODULES = YES;
				CLANG_ENABLE_OBJC_ARC = YES;
				CLANG_ENABLE_OBJC_WEAK = YES;
				CLANG_WARN_BLOCK_CAPTURE_AUTORELEASING = YES;
				CLANG_WARN_BOOL_CONVERSION = YES;
				CLANG_WARN_COMMA = YES;
				CLANG_WARN_CONSTANT_CONVERSION = YES;
				CLANG_WARN_DEPRECATED_OBJC_IMPLEMENTATIONS = YES;
				CLANG_WARN_DIRECT_OBJC_ISA_USAGE = YES_ERROR;
				CLANG_WARN_DOCUMENTATION_COMMENTS = YES;
				CLANG_WARN_EMPTY_BODY = YES;
				CLANG_WARN_ENUM_CONVERSION = YES;
				CLANG_WARN_INFINITE_RECURSION = YES;
				CLANG_WARN_INT_CONVERSION = YES;
				CLANG_WARN_NON_LITERAL_NULL_CONVERSION = YES;
				CLANG_WARN_OBJC_IMPLICIT_RETAIN_SELF = YES;
				CLANG_WARN_OBJC_LITERAL_CONVERSION = YES;
				CLANG_WARN_OBJC_ROOT_CLASS = YES_ERROR;
				CLANG_WARN_QUOTED_INCLUDE_IN_FRAMEWORK_HEADER = YES;
				CLANG_WARN_RANGE_LOOP_ANALYSIS = YES;
				CLANG_WARN_STRICT_PROTOTYPES = YES;
				CLANG_WARN_SUSPICIOUS_MOVE = YES;
				CLANG_WARN_UNGUARDED_AVAILABILITY = YES_AGGRESSIVE;
				CLANG_WARN_UNREACHABLE_CODE = YES;
				CLANG_WARN__DUPLICATE_METHOD_MATCH = YES;
				COPY_PHASE_STRIP = NO;
				DEBUG_INFORMATION_FORMAT = dwarf;
				ENABLE_STRICT_OBJC_MSGSEND = YES;
				ENABLE_TESTABILITY = YES;
				GCC_C_LANGUAGE_STANDARD = gnu11;
				GCC_DYNAMIC_NO_PIC = NO;
				GCC_NO_COMMON_BLOCKS = YES;
				GCC_OPTIMIZATION_LEVEL = 0;
				GCC_PREPROCESSOR_DEFINITIONS = (
					"DEBUG=1",
					"$(inherited)",
				);
				GCC_WARN_64_TO_32_BIT_CONVERSION = YES;
				GCC_WARN_ABOUT_RETURN_TYPE = YES_ERROR;
				GCC_WARN_UNDECLARED_SELECTOR = YES;
				GCC_WARN_UNINITIALIZED_AUTOS = YES_AGGRESSIVE;
				GCC_WARN_UNUSED_FUNCTION = YES;
				GCC_WARN_UNUSED_VARIABLE = YES;
				IPHONEOS_DEPLOYMENT_TARGET = 14.0;
				MTL_ENABLE_DEBUG_INFO = INCLUDE_SOURCE;
				MTL_FAST_MATH = YES;
				ONLY_ACTIVE_ARCH = YES;
				SDKROOT = iphoneos;
				SWIFT_ACTIVE_COMPILATION_CONDITIONS = DEBUG;
				SWIFT_OPTIMIZATION_LEVEL = "-Onone";
			};
			name = Debug;
		};
		618C230026F1BFDF001D9885 /* Release */ = {
			isa = XCBuildConfiguration;
			buildSettings = {
				ALWAYS_SEARCH_USER_PATHS = NO;
				CLANG_ANALYZER_NONNULL = YES;
				CLANG_ANALYZER_NUMBER_OBJECT_CONVERSION = YES_AGGRESSIVE;
				CLANG_CXX_LANGUAGE_STANDARD = "gnu++14";
				CLANG_CXX_LIBRARY = "libc++";
				CLANG_ENABLE_MODULES = YES;
				CLANG_ENABLE_OBJC_ARC = YES;
				CLANG_ENABLE_OBJC_WEAK = YES;
				CLANG_WARN_BLOCK_CAPTURE_AUTORELEASING = YES;
				CLANG_WARN_BOOL_CONVERSION = YES;
				CLANG_WARN_COMMA = YES;
				CLANG_WARN_CONSTANT_CONVERSION = YES;
				CLANG_WARN_DEPRECATED_OBJC_IMPLEMENTATIONS = YES;
				CLANG_WARN_DIRECT_OBJC_ISA_USAGE = YES_ERROR;
				CLANG_WARN_DOCUMENTATION_COMMENTS = YES;
				CLANG_WARN_EMPTY_BODY = YES;
				CLANG_WARN_ENUM_CONVERSION = YES;
				CLANG_WARN_INFINITE_RECURSION = YES;
				CLANG_WARN_INT_CONVERSION = YES;
				CLANG_WARN_NON_LITERAL_NULL_CONVERSION = YES;
				CLANG_WARN_OBJC_IMPLICIT_RETAIN_SELF = YES;
				CLANG_WARN_OBJC_LITERAL_CONVERSION = YES;
				CLANG_WARN_OBJC_ROOT_CLASS = YES_ERROR;
				CLANG_WARN_QUOTED_INCLUDE_IN_FRAMEWORK_HEADER = YES;
				CLANG_WARN_RANGE_LOOP_ANALYSIS = YES;
				CLANG_WARN_STRICT_PROTOTYPES = YES;
				CLANG_WARN_SUSPICIOUS_MOVE = YES;
				CLANG_WARN_UNGUARDED_AVAILABILITY = YES_AGGRESSIVE;
				CLANG_WARN_UNREACHABLE_CODE = YES;
				CLANG_WARN__DUPLICATE_METHOD_MATCH = YES;
				COPY_PHASE_STRIP = NO;
				DEBUG_INFORMATION_FORMAT = "dwarf-with-dsym";
				ENABLE_NS_ASSERTIONS = NO;
				ENABLE_STRICT_OBJC_MSGSEND = YES;
				GCC_C_LANGUAGE_STANDARD = gnu11;
				GCC_NO_COMMON_BLOCKS = YES;
				GCC_WARN_64_TO_32_BIT_CONVERSION = YES;
				GCC_WARN_ABOUT_RETURN_TYPE = YES_ERROR;
				GCC_WARN_UNDECLARED_SELECTOR = YES;
				GCC_WARN_UNINITIALIZED_AUTOS = YES_AGGRESSIVE;
				GCC_WARN_UNUSED_FUNCTION = YES;
				GCC_WARN_UNUSED_VARIABLE = YES;
				IPHONEOS_DEPLOYMENT_TARGET = 14.0;
				MTL_ENABLE_DEBUG_INFO = NO;
				MTL_FAST_MATH = YES;
				SDKROOT = iphoneos;
				SWIFT_COMPILATION_MODE = wholemodule;
				SWIFT_OPTIMIZATION_LEVEL = "-O";
				VALIDATE_PRODUCT = YES;
			};
			name = Release;
		};
		618C230226F1BFDF001D9885 /* Debug */ = {
			isa = XCBuildConfiguration;
			baseConfigurationReference = ACF0AF453C324B0EF7535F83 /* Pods-ImageFinder.debug.xcconfig */;
			buildSettings = {
				ASSETCATALOG_COMPILER_APPICON_NAME = AppIcon;
				ASSETCATALOG_COMPILER_GLOBAL_ACCENT_COLOR_NAME = AccentColor;
				CODE_SIGN_STYLE = Automatic;
				DEVELOPMENT_TEAM = R4HW69RLJ5;
				INFOPLIST_FILE = ImageFinder/Info.plist;
				LD_RUNPATH_SEARCH_PATHS = (
					"$(inherited)",
					"@executable_path/Frameworks",
				);
				PRODUCT_BUNDLE_IDENTIFIER = jjong.ImageFinder;
				PRODUCT_NAME = "$(TARGET_NAME)";
				SWIFT_VERSION = 5.0;
				TARGETED_DEVICE_FAMILY = "1,2";
			};
			name = Debug;
		};
		618C230326F1BFDF001D9885 /* Release */ = {
			isa = XCBuildConfiguration;
			baseConfigurationReference = 0A0868A4088DC6B87A337AB7 /* Pods-ImageFinder.release.xcconfig */;
			buildSettings = {
				ASSETCATALOG_COMPILER_APPICON_NAME = AppIcon;
				ASSETCATALOG_COMPILER_GLOBAL_ACCENT_COLOR_NAME = AccentColor;
				CODE_SIGN_STYLE = Automatic;
				DEVELOPMENT_TEAM = R4HW69RLJ5;
				INFOPLIST_FILE = ImageFinder/Info.plist;
				LD_RUNPATH_SEARCH_PATHS = (
					"$(inherited)",
					"@executable_path/Frameworks",
				);
				PRODUCT_BUNDLE_IDENTIFIER = jjong.ImageFinder;
				PRODUCT_NAME = "$(TARGET_NAME)";
				SWIFT_VERSION = 5.0;
				TARGETED_DEVICE_FAMILY = "1,2";
			};
			name = Release;
		};
/* End XCBuildConfiguration section */

/* Begin XCConfigurationList section */
		618C22E826F1BFDE001D9885 /* Build configuration list for PBXProject "ImageFinder" */ = {
			isa = XCConfigurationList;
			buildConfigurations = (
				618C22FF26F1BFDF001D9885 /* Debug */,
				618C230026F1BFDF001D9885 /* Release */,
			);
			defaultConfigurationIsVisible = 0;
			defaultConfigurationName = Release;
		};
		618C230126F1BFDF001D9885 /* Build configuration list for PBXNativeTarget "ImageFinder" */ = {
			isa = XCConfigurationList;
			buildConfigurations = (
				618C230226F1BFDF001D9885 /* Debug */,
				618C230326F1BFDF001D9885 /* Release */,
			);
			defaultConfigurationIsVisible = 0;
			defaultConfigurationName = Release;
		};
/* End XCConfigurationList section */
	};
	rootObject = 618C22E526F1BFDE001D9885 /* Project object */;
}
