// !$*UTF8*$!
{
	archiveVersion = 1;
	classes = {
	};
	objectVersion = 50;
	objects = {

/* Begin PBXBuildFile section */
		618C22F126F1BFDE001D9885 /* AppDelegate.swift in Sources */ = {isa = PBXBuildFile; fileRef = 618C22F026F1BFDE001D9885 /* AppDelegate.swift */; };
		618C22F326F1BFDE001D9885 /* SceneDelegate.swift in Sources */ = {isa = PBXBuildFile; fileRef = 618C22F226F1BFDE001D9885 /* SceneDelegate.swift */; };
		618C22F526F1BFDE001D9885 /* SearchImageViewController.swift in Sources */ = {isa = PBXBuildFile; fileRef = 618C22F426F1BFDE001D9885 /* SearchImageViewController.swift */; };
		618C22F826F1BFDE001D9885 /* Main.storyboard in Resources */ = {isa = PBXBuildFile; fileRef = 618C22F626F1BFDE001D9885 /* Main.storyboard */; };
		618C22FA26F1BFDF001D9885 /* Assets.xcassets in Resources */ = {isa = PBXBuildFile; fileRef = 618C22F926F1BFDF001D9885 /* Assets.xcassets */; };
		618C22FD26F1BFDF001D9885 /* LaunchScreen.storyboard in Resources */ = {isa = PBXBuildFile; fileRef = 618C22FB26F1BFDF001D9885 /* LaunchScreen.storyboard */; };
/* End PBXBuildFile section */

/* Begin PBXFileReference section */
		618C22ED26F1BFDE001D9885 /* ImageFinder.app */ = {isa = PBXFileReference; explicitFileType = wrapper.application; includeInIndex = 0; path = ImageFinder.app; sourceTree = BUILT_PRODUCTS_DIR; };
		618C22F026F1BFDE001D9885 /* AppDelegate.swift */ = {isa = PBXFileReference; lastKnownFileType = sourcecode.swift; path = AppDelegate.swift; sourceTree = "<group>"; };
		618C22F226F1BFDE001D9885 /* SceneDelegate.swift */ = {isa = PBXFileReference; lastKnownFileType = sourcecode.swift; path = SceneDelegate.swift; sourceTree = "<group>"; };
		618C22F426F1BFDE001D9885 /* SearchImageViewController.swift */ = {isa = PBXFileReference; lastKnownFileType = sourcecode.swift; path = SearchImageViewController.swift; sourceTree = "<group>"; };
		618C22F726F1BFDE001D9885 /* Base */ = {isa = PBXFileReference; lastKnownFileType = file.storyboard; name = Base; path = Base.lproj/Main.storyboard; sourceTree = "<group>"; };
		618C22F926F1BFDF001D9885 /* Assets.xcassets */ = {isa = PBXFileReference; lastKnownFileType = folder.assetcatalog; path = Assets.xcassets; sourceTree = "<group>"; };
		618C22FC26F1BFDF001D9885 /* Base */ = {isa = PBXFileReference; lastKnownFileType = file.storyboard; name = Base; path = Base.lproj/LaunchScreen.storyboard; sourceTree = "<group>"; };
		618C22FE26F1BFDF001D9885 /* Info.plist */ = {isa = PBXFileReference; lastKnownFileType = text.plist.xml; path = Info.plist; sourceTree = "<group>"; };
/* End PBXFileReference section */

/* Begin PBXFrameworksBuildPhase section */
		618C22EA26F1BFDE001D9885 /* Frameworks */ = {
			isa = PBXFrameworksBuildPhase;
			buildActionMask = 2147483647;
			files = (
			);
			runOnlyForDeploymentPostprocessing = 0;
		};
/* End PBXFrameworksBuildPhase section */

/* Begin PBXGroup section */
		618C22E426F1BFDE001D9885 = {
			isa = PBXGroup;
			children = (
				618C22EF26F1BFDE001D9885 /* ImageFinder */,
				618C22EE26F1BFDE001D9885 /* Products */,
			);
			sourceTree = "<group>";
		};
		618C22EE26F1BFDE001D9885 /* Products */ = {
			isa = PBXGroup;
			children = (
				618C22ED26F1BFDE001D9885 /* ImageFinder.app */,
			);
			name = Products;
			sourceTree = "<group>";
		};
		618C22EF26F1BFDE001D9885 /* ImageFinder */ = {
			isa = PBXGroup;
			children = (
				618C230626F1C0C7001D9885 /* Entity */,
				618C230526F1C09D001D9885 /* Presenter */,
				618C230426F1C091001D9885 /* View */,
				618C22F026F1BFDE001D9885 /* AppDelegate.swift */,
				618C22F226F1BFDE001D9885 /* SceneDelegate.swift */,
				618C22F626F1BFDE001D9885 /* Main.storyboard */,
				618C22F926F1BFDF001D9885 /* Assets.xcassets */,
				618C22FB26F1BFDF001D9885 /* LaunchScreen.storyboard */,
				618C22FE26F1BFDF001D9885 /* Info.plist */,
			);
			path = ImageFinder;
			sourceTree = "<group>";
		};
		618C230426F1C091001D9885 /* View */ = {
			isa = PBXGroup;
			children = (
				618C22F426F1BFDE001D9885 /* SearchImageViewController.swift */,
			);
			path = View;
			sourceTree = "<group>";
		};
		618C230526F1C09D001D9885 /* Presenter */ = {
			isa = PBXGroup;
			children = (
			);
			path = Presenter;
			sourceTree = "<group>";
		};
		618C230626F1C0C7001D9885 /* Entity */ = {
			isa = PBXGroup;
			children = (
			);
			path = Entity;
			sourceTree = "<group>";
		};
/* End PBXGroup section */

/* Begin PBXNativeTarget section */
		618C22EC26F1BFDE001D9885 /* ImageFinder */ = {
			isa = PBXNativeTarget;
			buildConfigurationList = 618C230126F1BFDF001D9885 /* Build configuration list for PBXNativeTarget "ImageFinder" */;
			buildPhases = (
				618C22E926F1BFDE001D9885 /* Sources */,
				618C22EA26F1BFDE001D9885 /* Frameworks */,
				618C22EB26F1BFDE001D9885 /* Resources */,
			);
			buildRules = (
			);
			dependencies = (
			);
			name = ImageFinder;
			productName = ImageFinder;
			productReference = 618C22ED26F1BFDE001D9885 /* ImageFinder.app */;
			productType = "com.apple.product-type.application";
		};
/* End PBXNativeTarget section */

/* Begin PBXProject section */
		618C22E526F1BFDE001D9885 /* Project object */ = {
			isa = PBXProject;
			attributes = {
				LastSwiftUpdateCheck = 1250;
				LastUpgradeCheck = 1250;
				TargetAttributes = {
					618C22EC26F1BFDE001D9885 = {
						CreatedOnToolsVersion = 12.5.1;
					};
				};
			};
			buildConfigurationList = 618C22E826F1BFDE001D9885 /* Build configuration list for PBXProject "ImageFinder" */;
			compatibilityVersion = "Xcode 9.3";
			developmentRegion = en;
			hasScannedForEncodings = 0;
			knownRegions = (
				en,
				Base,
			);
			mainGroup = 618C22E426F1BFDE001D9885;
			productRefGroup = 618C22EE26F1BFDE001D9885 /* Products */;
			projectDirPath = "";
			projectRoot = "";
			targets = (
				618C22EC26F1BFDE001D9885 /* ImageFinder */,
			);
		};
/* End PBXProject section */

/* Begin PBXResourcesBuildPhase section */
		618C22EB26F1BFDE001D9885 /* Resources */ = {
			isa = PBXResourcesBuildPhase;
			buildActionMask = 2147483647;
			files = (
				618C22FD26F1BFDF001D9885 /* LaunchScreen.storyboard in Resources */,
				618C22FA26F1BFDF001D9885 /* Assets.xcassets in Resources */,
				618C22F826F1BFDE001D9885 /* Main.storyboard in Resources */,
			);
			runOnlyForDeploymentPostprocessing = 0;
		};
/* End PBXResourcesBuildPhase section */

/* Begin PBXSourcesBuildPhase section */
		618C22E926F1BFDE001D9885 /* Sources */ = {
			isa = PBXSourcesBuildPhase;
			buildActionMask = 2147483647;
			files = (
				618C22F526F1BFDE001D9885 /* SearchImageViewController.swift in Sources */,
				618C22F126F1BFDE001D9885 /* AppDelegate.swift in Sources */,
				618C22F326F1BFDE001D9885 /* SceneDelegate.swift in Sources */,
			);
			runOnlyForDeploymentPostprocessing = 0;
		};
/* End PBXSourcesBuildPhase section */

/* Begin PBXVariantGroup section */
		618C22F626F1BFDE001D9885 /* Main.storyboard */ = {
			isa = PBXVariantGroup;
			children = (
				618C22F726F1BFDE001D9885 /* Base */,
			);
			name = Main.storyboard;
			sourceTree = "<group>";
		};
		618C22FB26F1BFDF001D9885 /* LaunchScreen.storyboard */ = {
			isa = PBXVariantGroup;
			children = (
				618C22FC26F1BFDF001D9885 /* Base */,
			);
			name = LaunchScreen.storyboard;
			sourceTree = "<group>";
		};
/* End PBXVariantGroup section */

/* Begin XCBuildConfiguration section */
		618C22FF26F1BFDF001D9885 /* Debug */ = {
			isa = XCBuildConfiguration;
			buildSettings = {
				ALWAYS_SEARCH_USER_PATHS = NO;
				CLANG_ANALYZER_NONNULL = YES;
				CLANG_ANALYZER_NUMBER_OBJECT_CONVERSION = YES_AGGRESSIVE;
				CLANG_CXX_LANGUAGE_STANDARD = "gnu++14";
				CLANG_CXX_LIBRARY = "libc++";
				CLANG_ENABLE_MODULES = YES;
				CLANG_ENABLE_OBJC_ARC = YES;
				CLANG_ENABLE_OBJC_WEAK = YES;
				CLANG_WARN_BLOCK_CAPTURE_AUTORELEASING = YES;
				CLANG_WARN_BOOL_CONVERSION = YES;
				CLANG_WARN_COMMA = YES;
				CLANG_WARN_CONSTANT_CONVERSION = YES;
				CLANG_WARN_DEPRECATED_OBJC_IMPLEMENTATIONS = YES;
				CLANG_WARN_DIRECT_OBJC_ISA_USAGE = YES_ERROR;
				CLANG_WARN_DOCUMENTATION_COMMENTS = YES;
				CLANG_WARN_EMPTY_BODY = YES;
				CLANG_WARN_ENUM_CONVERSION = YES;
				CLANG_WARN_INFINITE_RECURSION = YES;
				CLANG_WARN_INT_CONVERSION = YES;
				CLANG_WARN_NON_LITERAL_NULL_CONVERSION = YES;
				CLANG_WARN_OBJC_IMPLICIT_RETAIN_SELF = YES;
				CLANG_WARN_OBJC_LITERAL_CONVERSION = YES;
				CLANG_WARN_OBJC_ROOT_CLASS = YES_ERROR;
				CLANG_WARN_QUOTED_INCLUDE_IN_FRAMEWORK_HEADER = YES;
				CLANG_WARN_RANGE_LOOP_ANALYSIS = YES;
				CLANG_WARN_STRICT_PROTOTYPES = YES;
				CLANG_WARN_SUSPICIOUS_MOVE = YES;
				CLANG_WARN_UNGUARDED_AVAILABILITY = YES_AGGRESSIVE;
				CLANG_WARN_UNREACHABLE_CODE = YES;
				CLANG_WARN__DUPLICATE_METHOD_MATCH = YES;
				COPY_PHASE_STRIP = NO;
				DEBUG_INFORMATION_FORMAT = dwarf;
				ENABLE_STRICT_OBJC_MSGSEND = YES;
				ENABLE_TESTABILITY = YES;
				GCC_C_LANGUAGE_STANDARD = gnu11;
				GCC_DYNAMIC_NO_PIC = NO;
				GCC_NO_COMMON_BLOCKS = YES;
				GCC_OPTIMIZATION_LEVEL = 0;
				GCC_PREPROCESSOR_DEFINITIONS = (
					"DEBUG=1",
					"$(inherited)",
				);
				GCC_WARN_64_TO_32_BIT_CONVERSION = YES;
				GCC_WARN_ABOUT_RETURN_TYPE = YES_ERROR;
				GCC_WARN_UNDECLARED_SELECTOR = YES;
				GCC_WARN_UNINITIALIZED_AUTOS = YES_AGGRESSIVE;
				GCC_WARN_UNUSED_FUNCTION = YES;
				GCC_WARN_UNUSED_VARIABLE = YES;
				IPHONEOS_DEPLOYMENT_TARGET = 14.5;
				MTL_ENABLE_DEBUG_INFO = INCLUDE_SOURCE;
				MTL_FAST_MATH = YES;
				ONLY_ACTIVE_ARCH = YES;
				SDKROOT = iphoneos;
				SWIFT_ACTIVE_COMPILATION_CONDITIONS = DEBUG;
				SWIFT_OPTIMIZATION_LEVEL = "-Onone";
			};
			name = Debug;
		};
		618C230026F1BFDF001D9885 /* Release */ = {
			isa = XCBuildConfiguration;
			buildSettings = {
				ALWAYS_SEARCH_USER_PATHS = NO;
				CLANG_ANALYZER_NONNULL = YES;
				CLANG_ANALYZER_NUMBER_OBJECT_CONVERSION = YES_AGGRESSIVE;
				CLANG_CXX_LANGUAGE_STANDARD = "gnu++14";
				CLANG_CXX_LIBRARY = "libc++";
				CLANG_ENABLE_MODULES = YES;
				CLANG_ENABLE_OBJC_ARC = YES;
				CLANG_ENABLE_OBJC_WEAK = YES;
				CLANG_WARN_BLOCK_CAPTURE_AUTORELEASING = YES;
				CLANG_WARN_BOOL_CONVERSION = YES;
				CLANG_WARN_COMMA = YES;
				CLANG_WARN_CONSTANT_CONVERSION = YES;
				CLANG_WARN_DEPRECATED_OBJC_IMPLEMENTATIONS = YES;
				CLANG_WARN_DIRECT_OBJC_ISA_USAGE = YES_ERROR;
				CLANG_WARN_DOCUMENTATION_COMMENTS = YES;
				CLANG_WARN_EMPTY_BODY = YES;
				CLANG_WARN_ENUM_CONVERSION = YES;
				CLANG_WARN_INFINITE_RECURSION = YES;
				CLANG_WARN_INT_CONVERSION = YES;
				CLANG_WARN_NON_LITERAL_NULL_CONVERSION = YES;
				CLANG_WARN_OBJC_IMPLICIT_RETAIN_SELF = YES;
				CLANG_WARN_OBJC_LITERAL_CONVERSION = YES;
				CLANG_WARN_OBJC_ROOT_CLASS = YES_ERROR;
				CLANG_WARN_QUOTED_INCLUDE_IN_FRAMEWORK_HEADER = YES;
				CLANG_WARN_RANGE_LOOP_ANALYSIS = YES;
				CLANG_WARN_STRICT_PROTOTYPES = YES;
				CLANG_WARN_SUSPICIOUS_MOVE = YES;
				CLANG_WARN_UNGUARDED_AVAILABILITY = YES_AGGRESSIVE;
				CLANG_WARN_UNREACHABLE_CODE = YES;
				CLANG_WARN__DUPLICATE_METHOD_MATCH = YES;
				COPY_PHASE_STRIP = NO;
				DEBUG_INFORMATION_FORMAT = "dwarf-with-dsym";
				ENABLE_NS_ASSERTIONS = NO;
				ENABLE_STRICT_OBJC_MSGSEND = YES;
				GCC_C_LANGUAGE_STANDARD = gnu11;
				GCC_NO_COMMON_BLOCKS = YES;
				GCC_WARN_64_TO_32_BIT_CONVERSION = YES;
				GCC_WARN_ABOUT_RETURN_TYPE = YES_ERROR;
				GCC_WARN_UNDECLARED_SELECTOR = YES;
				GCC_WARN_UNINITIALIZED_AUTOS = YES_AGGRESSIVE;
				GCC_WARN_UNUSED_FUNCTION = YES;
				GCC_WARN_UNUSED_VARIABLE = YES;
				IPHONEOS_DEPLOYMENT_TARGET = 14.5;
				MTL_ENABLE_DEBUG_INFO = NO;
				MTL_FAST_MATH = YES;
				SDKROOT = iphoneos;
				SWIFT_COMPILATION_MODE = wholemodule;
				SWIFT_OPTIMIZATION_LEVEL = "-O";
				VALIDATE_PRODUCT = YES;
			};
			name = Release;
		};
		618C230226F1BFDF001D9885 /* Debug */ = {
			isa = XCBuildConfiguration;
			buildSettings = {
				ASSETCATALOG_COMPILER_APPICON_NAME = AppIcon;
				ASSETCATALOG_COMPILER_GLOBAL_ACCENT_COLOR_NAME = AccentColor;
				CODE_SIGN_STYLE = Automatic;
				DEVELOPMENT_TEAM = R4HW69RLJ5;
				INFOPLIST_FILE = ImageFinder/Info.plist;
				LD_RUNPATH_SEARCH_PATHS = (
					"$(inherited)",
					"@executable_path/Frameworks",
				);
				PRODUCT_BUNDLE_IDENTIFIER = jjong.ImageFinder;
				PRODUCT_NAME = "$(TARGET_NAME)";
				SWIFT_VERSION = 5.0;
				TARGETED_DEVICE_FAMILY = "1,2";
			};
			name = Debug;
		};
		618C230326F1BFDF001D9885 /* Release */ = {
			isa = XCBuildConfiguration;
			buildSettings = {
				ASSETCATALOG_COMPILER_APPICON_NAME = AppIcon;
				ASSETCATALOG_COMPILER_GLOBAL_ACCENT_COLOR_NAME = AccentColor;
				CODE_SIGN_STYLE = Automatic;
				DEVELOPMENT_TEAM = R4HW69RLJ5;
				INFOPLIST_FILE = ImageFinder/Info.plist;
				LD_RUNPATH_SEARCH_PATHS = (
					"$(inherited)",
					"@executable_path/Frameworks",
				);
				PRODUCT_BUNDLE_IDENTIFIER = jjong.ImageFinder;
				PRODUCT_NAME = "$(TARGET_NAME)";
				SWIFT_VERSION = 5.0;
				TARGETED_DEVICE_FAMILY = "1,2";
			};
			name = Release;
		};
/* End XCBuildConfiguration section */

/* Begin XCConfigurationList section */
		618C22E826F1BFDE001D9885 /* Build configuration list for PBXProject "ImageFinder" */ = {
			isa = XCConfigurationList;
			buildConfigurations = (
				618C22FF26F1BFDF001D9885 /* Debug */,
				618C230026F1BFDF001D9885 /* Release */,
			);
			defaultConfigurationIsVisible = 0;
			defaultConfigurationName = Release;
		};
		618C230126F1BFDF001D9885 /* Build configuration list for PBXNativeTarget "ImageFinder" */ = {
			isa = XCConfigurationList;
			buildConfigurations = (
				618C230226F1BFDF001D9885 /* Debug */,
				618C230326F1BFDF001D9885 /* Release */,
			);
			defaultConfigurationIsVisible = 0;
			defaultConfigurationName = Release;
		};
/* End XCConfigurationList section */
	};
	rootObject = 618C22E526F1BFDE001D9885 /* Project object */;
}
